
Microsoft Visual Studio Solution File, Format Version 12.00
# Visual Studio Version 16
VisualStudioVersion = 16.0.31515.178
MinimumVisualStudioVersion = 10.0.40219.1
Project("{888888A0-9F3D-457C-B088-3A5042F75D52}") = "Iterative and Recusrive Functionality", "Iterative and Recusrive Functionality\Iterative and Recusrive Functionality.pyproj", "{B79D44C0-7C22-421B-8D77-1B89DCDB37D6}"
EndProject
Global
	GlobalSection(SolutionConfigurationPlatforms) = preSolution
		Debug|Any CPU = Debug|Any CPU
		Release|Any CPU = Release|Any CPU
	EndGlobalSection
	GlobalSection(ProjectConfigurationPlatforms) = postSolution
		{B79D44C0-7C22-421B-8D77-1B89DCDB37D6}.Debug|Any CPU.ActiveCfg = Debug|Any CPU
		{B79D44C0-7C22-421B-8D77-1B89DCDB37D6}.Release|Any CPU.ActiveCfg = Release|Any CPU
	EndGlobalSection
	GlobalSection(SolutionProperties) = preSolution
		HideSolutionNode = FALSE
	EndGlobalSection
	GlobalSection(ExtensibilityGlobals) = postSolution
		SolutionGuid = {C2231007-9D44-4388-B0D4-F732F0929961}
	EndGlobalSection
EndGlobal
